<?xml version="1.0" encoding="utf-8"?>
<Project ToolsVersion="4.0" xmlns="http://schemas.microsoft.com/developer/msbuild/2003">
  <ItemGroup>
    <Filter Include="Source Files">
      <UniqueIdentifier>{4FC737F1-C7A5-4376-A066-2A32D752A2FF}</UniqueIdentifier>
      <Extensions>cpp;c;cc;cxx;c++;cppm;ixx;def;odl;idl;hpj;bat;asm;asmx</Extensions>
    </Filter>
    <Filter Include="Header Files">
      <UniqueIdentifier>{93995380-89BD-4b04-88EB-625FBE52EBFB}</UniqueIdentifier>
      <Extensions>h;hh;hpp;hxx;h++;hm;inl;inc;ipp;xsd</Extensions>
    </Filter>
    <Filter Include="Resource Files">
      <UniqueIdentifier>{67DA6AB6-F800-4c08-8B7A-83BB121AAD01}</UniqueIdentifier>
      <Extensions>rc;ico;cur;bmp;dlg;rc2;rct;bin;rgs;gif;jpg;jpeg;jpe;resx;tiff;tif;png;wav;mfcribbon-ms</Extensions>
    </Filter>
    <Filter Include="Shaders">
      <UniqueIdentifier>{1398e22b-87e2-4bc1-9ee5-0f33a1044ee3}</UniqueIdentifier>
    </Filter>
    <Filter Include="Header Files\imgui">
      <UniqueIdentifier>{28a09025-31a7-487e-875a-963649546feb}</UniqueIdentifier>
    </Filter>
    <Filter Include="Source Files\imgui">
      <UniqueIdentifier>{70bd27db-56c7-47ca-8cef-347dc27a221e}</UniqueIdentifier>
    </Filter>
  </ItemGroup>
  <ItemGroup>
    <ClInclude Include="framework.h">
      <Filter>Header Files</Filter>
    </ClInclude>
    <ClInclude Include="targetver.h">
      <Filter>Header Files</Filter>
    </ClInclude>
    <ClInclude Include="Resource.h">
      <Filter>Header Files</Filter>
    </ClInclude>
    <ClInclude Include="ComputerGraphicsAlgorithms.h">
      <Filter>Header Files</Filter>
    </ClInclude>
    <ClInclude Include="Renderer.h">
      <Filter>Header Files</Filter>
    </ClInclude>
    <ClInclude Include="Texture.h">
      <Filter>Header Files</Filter>
    </ClInclude>
    <ClInclude Include="Cube.h">
      <Filter>Header Files</Filter>
    </ClInclude>
    <ClInclude Include="ShaderProcessor.h">
      <Filter>Header Files</Filter>
    </ClInclude>
    <ClInclude Include="Sphere.h">
      <Filter>Header Files</Filter>
    </ClInclude>
    <ClInclude Include="Rect.h">
      <Filter>Header Files</Filter>
    </ClInclude>
    <ClInclude Include="LightSphere.h">
      <Filter>Header Files</Filter>
    </ClInclude>
    <ClInclude Include="..\Common\imgui\imconfig.h">
      <Filter>Header Files\imgui</Filter>
    </ClInclude>
    <ClInclude Include="..\Common\imgui\imgui.h">
      <Filter>Header Files\imgui</Filter>
    </ClInclude>
    <ClInclude Include="..\Common\imgui\imgui_internal.h">
      <Filter>Header Files\imgui</Filter>
    </ClInclude>
    <ClInclude Include="..\Common\imgui\imstb_rectpack.h">
      <Filter>Header Files\imgui</Filter>
    </ClInclude>
    <ClInclude Include="..\Common\imgui\imstb_textedit.h">
      <Filter>Header Files\imgui</Filter>
    </ClInclude>
    <ClInclude Include="..\Common\imgui\imstb_truetype.h">
      <Filter>Header Files\imgui</Filter>
    </ClInclude>
    <ClInclude Include="..\Common\imgui\backends\imgui_impl_dx11.h">
      <Filter>Header Files\imgui</Filter>
    </ClInclude>
    <ClInclude Include="..\Common\imgui\backends\imgui_impl_win32.h">
      <Filter>Header Files\imgui</Filter>
    </ClInclude>
    <ClInclude Include="Light.h">
      <Filter>Shaders</Filter>
    </ClInclude>
    <ClInclude Include="SceneCB.h">
      <Filter>Shaders</Filter>
    </ClInclude>
    <ClInclude Include="AABB.h">
      <Filter>Header Files</Filter>
    </ClInclude>
    <ClInclude Include="Camera.h">
      <Filter>Header Files</Filter>
    </ClInclude>
    <ClInclude Include="PostProcess.h">
      <Filter>Header Files</Filter>
    </ClInclude>
  </ItemGroup>
  <ItemGroup>
    <ClCompile Include="ComputerGraphicsAlgorithms.cpp">
      <Filter>Source Files</Filter>
    </ClCompile>
    <ClCompile Include="Renderer.cpp">
      <Filter>Source Files</Filter>
    </ClCompile>
    <ClCompile Include="Texture.cpp">
      <Filter>Source Files</Filter>
    </ClCompile>
    <ClCompile Include="Cube.cpp">
      <Filter>Source Files</Filter>
    </ClCompile>
    <ClCompile Include="ShaderProcessor.cpp">
      <Filter>Source Files</Filter>
    </ClCompile>
    <ClCompile Include="Sphere.cpp">
      <Filter>Source Files</Filter>
    </ClCompile>
    <ClCompile Include="Rect.cpp">
      <Filter>Source Files</Filter>
    </ClCompile>
    <ClCompile Include="LightSphere.cpp">
      <Filter>Source Files</Filter>
    </ClCompile>
    <ClCompile Include="..\Common\imgui\imgui_widgets.cpp">
      <Filter>Source Files\imgui</Filter>
    </ClCompile>
    <ClCompile Include="..\Common\imgui\imgui_tables.cpp">
      <Filter>Source Files\imgui</Filter>
    </ClCompile>
    <ClCompile Include="..\Common\imgui\imgui_draw.cpp">
      <Filter>Source Files\imgui</Filter>
    </ClCompile>
    <ClCompile Include="..\Common\imgui\imgui_demo.cpp">
      <Filter>Source Files\imgui</Filter>
    </ClCompile>
    <ClCompile Include="..\Common\imgui\imgui.cpp">
      <Filter>Source Files\imgui</Filter>
    </ClCompile>
    <ClCompile Include="..\Common\imgui\backends\imgui_impl_win32.cpp">
      <Filter>Source Files\imgui</Filter>
    </ClCompile>
    <ClCompile Include="..\Common\imgui\backends\imgui_impl_dx11.cpp">
      <Filter>Source Files\imgui</Filter>
    </ClCompile>
    <ClCompile Include="Camera.cpp">
      <Filter>Source Files</Filter>
    </ClCompile>
    <ClCompile Include="PostProcess.cpp">
      <Filter>Source Files</Filter>
    </ClCompile>
  </ItemGroup>
  <ItemGroup>
    <ResourceCompile Include="ComputerGraphicsAlgorithms.rc">
      <Filter>Resource Files</Filter>
    </ResourceCompile>
  </ItemGroup>
  <ItemGroup>
    <Image Include="small.ico">
      <Filter>Resource Files</Filter>
    </Image>
    <Image Include="ComputerGraphicsAlgorithms.ico">
      <Filter>Resource Files</Filter>
    </Image>
  </ItemGroup>
  <ItemGroup>
    <None Include="CubeShader.ps">
      <Filter>Shaders</Filter>
    </None>
    <None Include="CubeShader.vs">
      <Filter>Shaders</Filter>
    </None>
    <None Include="SphereTexture.ps" />
    <None Include="SphereTexture.vs" />
    <None Include="packages.config" />
    <None Include="SphereShader.vs">
      <Filter>Shaders</Filter>
    </None>
    <None Include="SphereShader.ps">
      <Filter>Shaders</Filter>
    </None>
    <None Include="TransColor.vs">
      <Filter>Shaders</Filter>
    </None>
    <None Include="TransColor.ps">
      <Filter>Shaders</Filter>
    </None>
    <None Include="Sepia.vs">
      <Filter>Shaders</Filter>
    </None>
    <None Include="Sepia.ps">
      <Filter>Shaders</Filter>
    </None>
    <None Include="FrustumCull.cs">
      <Filter>Shaders</Filter>
    </None>
  </ItemGroup>
</Project>